
Microsoft Visual Studio Solution File, Format Version 12.00
# Visual Studio 15
VisualStudioVersion = 15.0.27130.2024
MinimumVisualStudioVersion = 10.0.40219.1
Project("{9A19103F-16F7-4668-BE54-9A1E7A4F7556}") = "api", "api\api.csproj", "{F38A560E-D662-489B-95FF-AF4FC7F92895}"
EndProject
Project("{FAE04EC0-301F-11D3-BF4B-00C04F79EFBC}") = "PeiperApi.Domain", "PeiperApi.Domain\PeiperApi.Domain.csproj", "{A05EA2EC-AA67-4417-A6FA-6D3CF8F73669}"
EndProject
Global
	GlobalSection(SolutionConfigurationPlatforms) = preSolution
		Debug|Any CPU = Debug|Any CPU
		Release|Any CPU = Release|Any CPU
	EndGlobalSection
	GlobalSection(ProjectConfigurationPlatforms) = postSolution
		{F38A560E-D662-489B-95FF-AF4FC7F92895}.Debug|Any CPU.ActiveCfg = Debug|Any CPU
		{F38A560E-D662-489B-95FF-AF4FC7F92895}.Debug|Any CPU.Build.0 = Debug|Any CPU
		{F38A560E-D662-489B-95FF-AF4FC7F92895}.Release|Any CPU.ActiveCfg = Release|Any CPU
		{F38A560E-D662-489B-95FF-AF4FC7F92895}.Release|Any CPU.Build.0 = Release|Any CPU
		{A05EA2EC-AA67-4417-A6FA-6D3CF8F73669}.Debug|Any CPU.ActiveCfg = Debug|Any CPU
		{A05EA2EC-AA67-4417-A6FA-6D3CF8F73669}.Debug|Any CPU.Build.0 = Debug|Any CPU
		{A05EA2EC-AA67-4417-A6FA-6D3CF8F73669}.Release|Any CPU.ActiveCfg = Release|Any CPU
		{A05EA2EC-AA67-4417-A6FA-6D3CF8F73669}.Release|Any CPU.Build.0 = Release|Any CPU
	EndGlobalSection
	GlobalSection(SolutionProperties) = preSolution
		HideSolutionNode = FALSE
	EndGlobalSection
	GlobalSection(ExtensibilityGlobals) = postSolution
		SolutionGuid = {B4AFF710-5869-4E9D-BBF8-70AD12776109}
	EndGlobalSection
EndGlobal
